{
  "name": "qscan",
  "version": "1.0.0",
  "lockfileVersion": 1,
  "requires": true,
  "dependencies": {
    "colors": {
      "version": "0.6.2",
      "resolved": "https://registry.npmjs.org/colors/-/colors-0.6.2.tgz",
      "integrity": "sha1-JCP+ZnisDF2uiFLl0OW+CMmXq8w=",
      "dev": true
    },
    "conventional-commit-types": {
      "version": "2.2.0",
      "resolved": "https://registry.npmjs.org/conventional-commit-types/-/conventional-commit-types-2.2.0.tgz",
      "integrity": "sha1-XblXOdbCEqy+e29lahG5QLqmiUY=",
      "dev": true
    },
    "find-parent-dir": {
      "version": "0.3.0",
      "resolved": "https://registry.npmjs.org/find-parent-dir/-/find-parent-dir-0.3.0.tgz",
      "integrity": "sha1-M8RLQpqysvBkYpnF+fcY83b/jVQ=",
      "dev": true
    },
    "findup": {
      "version": "0.1.5",
      "resolved": "https://registry.npmjs.org/findup/-/findup-0.1.5.tgz",
      "integrity": "sha1-itkpozk7rGJ5V6fl3kYjsGsOLOs=",
      "dev": true,
      "requires": {
        "colors": "0.6.2",
        "commander": "2.1.0"
      },
      "dependencies": {
        "commander": {
          "version": "2.1.0",
          "resolved": "http://registry.npmjs.org/commander/-/commander-2.1.0.tgz",
          "integrity": "sha1-0SG7roYNmZKj1Re6lvVliOR8Z4E=",
          "dev": true
        }
      }
    },
    "ghooks": {
      "version": "2.0.4",
      "resolved": "https://registry.npmjs.org/ghooks/-/ghooks-2.0.4.tgz",
      "integrity": "sha1-/VDgQP9UiQauQstReToBv+JFZ7k=",
      "dev": true,
      "requires": {
        "findup": "0.1.5",
        "lodash.clone": "4.5.0",
        "manage-path": "2.0.0",
        "opt-cli": "1.5.1",
        "path-exists": "3.0.0",
        "spawn-command": "0.0.2"
      }
    },
    "graceful-readlink": {
      "version": "1.0.1",
      "resolved": "https://registry.npmjs.org/graceful-readlink/-/graceful-readlink-1.0.1.tgz",
      "integrity": "sha1-TK+tdrxi8C+gObL5Tpo906ORpyU=",
      "dev": true
    },
    "lodash._baseclone": {
      "version": "4.5.7",
      "resolved": "https://registry.npmjs.org/lodash._baseclone/-/lodash._baseclone-4.5.7.tgz",
      "integrity": "sha1-zkKt4IOE711i+nfDD2GkbmhvhDQ=",
      "dev": true
    },
    "lodash.clone": {
      "version": "4.5.0",
      "resolved": "https://registry.npmjs.org/lodash.clone/-/lodash.clone-4.5.0.tgz",
      "integrity": "sha1-GVhwRQ9aExkkeN9Lw9I9LeoZB7Y=",
      "dev": true
    },
    "manage-path": {
      "version": "2.0.0",
      "resolved": "https://registry.npmjs.org/manage-path/-/manage-path-2.0.0.tgz",
      "integrity": "sha1-9M+EV7km7u4qg7FzUBQUvHbrlZc=",
      "dev": true
    },
    "opt-cli": {
      "version": "1.5.1",
      "resolved": "https://registry.npmjs.org/opt-cli/-/opt-cli-1.5.1.tgz",
      "integrity": "sha1-BNtEexPJa5kusxaFJm9O0NlzbcI=",
      "dev": true,
      "requires": {
        "commander": "2.9.0",
        "lodash.clone": "4.3.2",
        "manage-path": "2.0.0",
        "spawn-command": "0.0.2-1"
      },
      "dependencies": {
        "commander": {
          "version": "2.9.0",
          "resolved": "http://registry.npmjs.org/commander/-/commander-2.9.0.tgz",
          "integrity": "sha1-nJkJQXbhIkDLItbFFGCYQA/g99Q=",
          "dev": true,
          "requires": {
            "graceful-readlink": "1.0.1"
          }
        },
        "lodash.clone": {
          "version": "4.3.2",
          "resolved": "https://registry.npmjs.org/lodash.clone/-/lodash.clone-4.3.2.tgz",
          "integrity": "sha1-5WsXa2gjp93jj38r9Y3n1ZcSAOk=",
          "dev": true,
          "requires": {
            "lodash._baseclone": "4.5.7"
          }
        },
        "spawn-command": {
          "version": "0.0.2-1",
          "resolved": "https://registry.npmjs.org/spawn-command/-/spawn-command-0.0.2-1.tgz",
          "integrity": "sha1-YvXpRmmBwbeW3Fkpk34RycaSG9A=",
          "dev": true
        }
      }
    },
    "path-exists": {
      "version": "3.0.0",
      "resolved": "https://registry.npmjs.org/path-exists/-/path-exists-3.0.0.tgz",
      "integrity": "sha1-zg6+ql94yxiSXqfYENe1mwEP1RU=",
      "dev": true
    },
    "semver-regex": {
      "version": "1.0.0",
      "resolved": "https://registry.npmjs.org/semver-regex/-/semver-regex-1.0.0.tgz",
      "integrity": "sha1-kqSWkGX5xwxpR1PVUkj8aPj2Usk=",
      "dev": true
    },
    "spawn-command": {
      "version": "0.0.2",
      "resolved": "https://registry.npmjs.org/spawn-command/-/spawn-command-0.0.2.tgz",
      "integrity": "sha1-lUThpDygRfhTGqwaSMspva5iM44=",
      "dev": true
    },
    "validate-commit-msg": {
      "version": "2.14.0",
      "resolved": "https://registry.npmjs.org/validate-commit-msg/-/validate-commit-msg-2.14.0.tgz",
      "integrity": "sha1-5Tg2kQEsuycNzAvCpO/+vhSJDqw=",
      "dev": true,
      "requires": {
        "conventional-commit-types": "2.2.0",
        "find-parent-dir": "0.3.0",
        "findup": "0.1.5",
        "semver-regex": "1.0.0"
      }
    }
  }
}
